
Microsoft Visual Studio Solution File, Format Version 12.00
# Visual Studio Version 17
VisualStudioVersion = 17.5.33627.172
MinimumVisualStudioVersion = 10.0.40219.1
Project("{FAE04EC0-301F-11D3-BF4B-00C04F79EFBC}") = "ES.UI", "ES.UI\ES.UI.csproj", "{9113F3EC-403C-4BD6-BDE2-DBDBF044A7D2}"
EndProject
Project("{FAE04EC0-301F-11D3-BF4B-00C04F79EFBC}") = "ES.Domain", "ES.Domain\ES.Domain.csproj", "{C4A1C747-EF9F-4100-A7EA-24A9C4DEFFF1}"
EndProject
Project("{FAE04EC0-301F-11D3-BF4B-00C04F79EFBC}") = "ES.Repository", "ES.Repository\ES.Repository.csproj", "{3446BB53-3374-4127-8AEE-BFEAADF4CA9C}"
EndProject
Global
	GlobalSection(SolutionConfigurationPlatforms) = preSolution
		Debug|Any CPU = Debug|Any CPU
		Release|Any CPU = Release|Any CPU
	EndGlobalSection
	GlobalSection(ProjectConfigurationPlatforms) = postSolution
		{9113F3EC-403C-4BD6-BDE2-DBDBF044A7D2}.Debug|Any CPU.ActiveCfg = Debug|Any CPU
		{9113F3EC-403C-4BD6-BDE2-DBDBF044A7D2}.Debug|Any CPU.Build.0 = Debug|Any CPU
		{9113F3EC-403C-4BD6-BDE2-DBDBF044A7D2}.Release|Any CPU.ActiveCfg = Release|Any CPU
		{9113F3EC-403C-4BD6-BDE2-DBDBF044A7D2}.Release|Any CPU.Build.0 = Release|Any CPU
		{C4A1C747-EF9F-4100-A7EA-24A9C4DEFFF1}.Debug|Any CPU.ActiveCfg = Debug|Any CPU
		{C4A1C747-EF9F-4100-A7EA-24A9C4DEFFF1}.Debug|Any CPU.Build.0 = Debug|Any CPU
		{C4A1C747-EF9F-4100-A7EA-24A9C4DEFFF1}.Release|Any CPU.ActiveCfg = Release|Any CPU
		{C4A1C747-EF9F-4100-A7EA-24A9C4DEFFF1}.Release|Any CPU.Build.0 = Release|Any CPU
		{3446BB53-3374-4127-8AEE-BFEAADF4CA9C}.Debug|Any CPU.ActiveCfg = Debug|Any CPU
		{3446BB53-3374-4127-8AEE-BFEAADF4CA9C}.Debug|Any CPU.Build.0 = Debug|Any CPU
		{3446BB53-3374-4127-8AEE-BFEAADF4CA9C}.Release|Any CPU.ActiveCfg = Release|Any CPU
		{3446BB53-3374-4127-8AEE-BFEAADF4CA9C}.Release|Any CPU.Build.0 = Release|Any CPU
	EndGlobalSection
	GlobalSection(SolutionProperties) = preSolution
		HideSolutionNode = FALSE
	EndGlobalSection
	GlobalSection(ExtensibilityGlobals) = postSolution
		SolutionGuid = {FB66E605-1219-4ACA-8BCF-8917C4740D26}
	EndGlobalSection
EndGlobal
